
Microsoft Visual Studio Solution File, Format Version 12.00
# Visual Studio 15
VisualStudioVersion = 15.0.26730.16
MinimumVisualStudioVersion = 10.0.40219.1
Project("{FAE04EC0-301F-11D3-BF4B-00C04F79EFBC}") = "24_01_18 practica2", "24_01_18 practica2\24_01_18 practica2.csproj", "{C3DBB49A-A8FE-4BC4-9369-5DED37279260}"
EndProject
Global
	GlobalSection(SolutionConfigurationPlatforms) = preSolution
		Debug|Any CPU = Debug|Any CPU
		Release|Any CPU = Release|Any CPU
	EndGlobalSection
	GlobalSection(ProjectConfigurationPlatforms) = postSolution
		{C3DBB49A-A8FE-4BC4-9369-5DED37279260}.Debug|Any CPU.ActiveCfg = Debug|Any CPU
		{C3DBB49A-A8FE-4BC4-9369-5DED37279260}.Debug|Any CPU.Build.0 = Debug|Any CPU
		{C3DBB49A-A8FE-4BC4-9369-5DED37279260}.Release|Any CPU.ActiveCfg = Release|Any CPU
		{C3DBB49A-A8FE-4BC4-9369-5DED37279260}.Release|Any CPU.Build.0 = Release|Any CPU
	EndGlobalSection
	GlobalSection(SolutionProperties) = preSolution
		HideSolutionNode = FALSE
	EndGlobalSection
	GlobalSection(ExtensibilityGlobals) = postSolution
		SolutionGuid = {8F59141A-D57F-435A-8AD2-F09351A5CBDB}
	EndGlobalSection
EndGlobal
